<?xml version="1.0" encoding="UTF-8" standalone="yes" ?>
<CodeBlocks_project_file>
	<FileVersion major="1" minor="6" />
	<Project>
		<Option title="TCC" />
		<Option pch_mode="2" />
		<Option compiler="gcc" />
		<Build>
			<Target title="Debug">
				<Option output="bin/Debug/TCC" prefix_auto="1" extension_auto="1" />
				<Option object_output="obj/Debug/" />
				<Option type="1" />
				<Option compiler="gcc" />
				<Compiler>
					<Add option="-g" />
				</Compiler>
			</Target>
			<Target title="Release">
				<Option output="bin/Release/TCC" prefix_auto="1" extension_auto="1" />
				<Option object_output="obj/Release/" />
				<Option type="1" />
				<Option compiler="gcc" />
				<Compiler>
					<Add option="-O2" />
				</Compiler>
				<Linker>
					<Add option="-s" />
				</Linker>
			</Target>
		</Build>
		<Compiler>
			<Add option="-Wall" />
		</Compiler>
		<Unit filename="arquivosC/Diretorios.c">
			<Option compilerVar="CC" />
		</Unit>
		<Unit filename="arquivosC/Helper.c">
			<Option compilerVar="CC" />
		</Unit>
		<Unit filename="arquivosC/Integrais/IntegraisArtigo.c">
			<Option compilerVar="CC" />
		</Unit>
		<Unit filename="arquivosC/Integrais/IntegralTCC.c">
			<Option compilerVar="CC" />
		</Unit>
		<Unit filename="arquivosC/Integrais/estocasticos.c">
			<Option compilerVar="CC" />
		</Unit>
		<Unit filename="arquivosC/UI/InterfaceUsuario.c">
			<Option compilerVar="CC" />
		</Unit>
		<Unit filename="arquivosC/UI/UIConsole.c">
			<Option compilerVar="CC" />
		</Unit>
		<Unit filename="arquivosC/distribuicoes.c">
			<Option compilerVar="CC" />
		</Unit>
		<Unit filename="arquivosC/estatisticas.c">
			<Option compilerVar="CC" />
		</Unit>
		<Unit filename="arquivosC/gravarArquivos.c">
			<Option compilerVar="CC" />
		</Unit>
		<Unit filename="arquivosC/main.c">
			<Option compilerVar="CC" />
		</Unit>
		<Unit filename="arquivosC/matematicaVetorial.c">
			<Option compilerVar="CC" />
		</Unit>
		<Unit filename="arquivosC/plotarGraficos.c">
			<Option compilerVar="CC" />
		</Unit>
		<Unit filename="arquivosC/testes/testes.c">
			<Option compilerVar="CC" />
		</Unit>
		<Unit filename="arquivosH/Diretorios.h" />
		<Unit filename="arquivosH/Helper.h" />
		<Unit filename="arquivosH/Integrais/IntegraisArtigo.h" />
		<Unit filename="arquivosH/Integrais/IntegraisTCC.h" />
		<Unit filename="arquivosH/Integrais/estocastico.h" />
		<Unit filename="arquivosH/UI/InterfaceUsuario.h" />
		<Unit filename="arquivosH/UI/UIConsole.h" />
		<Unit filename="arquivosH/distribuicoes.h" />
		<Unit filename="arquivosH/estatistica.h" />
		<Unit filename="arquivosH/gravarArquivos.h" />
		<Unit filename="arquivosH/main.h" />
		<Unit filename="arquivosH/matematicaVetorial.h" />
		<Unit filename="arquivosH/plotarGraficos.h" />
		<Unit filename="arquivosH/testes/testes.h" />
		<Extensions>
			<code_completion />
			<envvars />
			<lib_finder disable_auto="1" />
			<debugger />
		</Extensions>
	</Project>
</CodeBlocks_project_file>
